
Microsoft Visual Studio Solution File, Format Version 12.00
# Visual Studio Version 17
VisualStudioVersion = 17.5.002.0
MinimumVisualStudioVersion = 10.0.40219.1
Project("{9A19103F-16F7-4668-BE54-9A1E7A4F7556}") = "IA", "IA.csproj", "{BA2D37CB-BEF0-4F7A-98A9-7372A5F2915F}"
EndProject
Global
	GlobalSection(SolutionConfigurationPlatforms) = preSolution
		Debug|Any CPU = Debug|Any CPU
		Release|Any CPU = Release|Any CPU
	EndGlobalSection
	GlobalSection(ProjectConfigurationPlatforms) = postSolution
		{BA2D37CB-BEF0-4F7A-98A9-7372A5F2915F}.Debug|Any CPU.ActiveCfg = Debug|Any CPU
		{BA2D37CB-BEF0-4F7A-98A9-7372A5F2915F}.Debug|Any CPU.Build.0 = Debug|Any CPU
		{BA2D37CB-BEF0-4F7A-98A9-7372A5F2915F}.Release|Any CPU.ActiveCfg = Release|Any CPU
		{BA2D37CB-BEF0-4F7A-98A9-7372A5F2915F}.Release|Any CPU.Build.0 = Release|Any CPU
	EndGlobalSection
	GlobalSection(SolutionProperties) = preSolution
		HideSolutionNode = FALSE
	EndGlobalSection
	GlobalSection(ExtensibilityGlobals) = postSolution
		SolutionGuid = {9C5DA50E-8BB1-4294-8598-CC9A8607EC3A}
	EndGlobalSection
EndGlobal
